
Microsoft Visual Studio Solution File, Format Version 12.00
# Visual Studio 15
VisualStudioVersion = 15.0.27004.2008
MinimumVisualStudioVersion = 10.0.40219.1
Project("{FAE04EC0-301F-11D3-BF4B-00C04F79EFBC}") = "AConsoleApp", "AConsoleApp\AConsoleApp.csproj", "{5C677366-A5C4-435E-B1E8-68DC182FCE2C}"
EndProject
Project("{FAE04EC0-301F-11D3-BF4B-00C04F79EFBC}") = "AWebAPIApp", "AWebAPIApp\AWebAPIApp.csproj", "{5CC3DAFE-A78A-4A5D-BFC7-0F4AE3DAAAEE}"
EndProject
Global
	GlobalSection(SolutionConfigurationPlatforms) = preSolution
		Debug|Any CPU = Debug|Any CPU
		Release|Any CPU = Release|Any CPU
	EndGlobalSection
	GlobalSection(ProjectConfigurationPlatforms) = postSolution
		{5C677366-A5C4-435E-B1E8-68DC182FCE2C}.Debug|Any CPU.ActiveCfg = Debug|Any CPU
		{5C677366-A5C4-435E-B1E8-68DC182FCE2C}.Debug|Any CPU.Build.0 = Debug|Any CPU
		{5C677366-A5C4-435E-B1E8-68DC182FCE2C}.Release|Any CPU.ActiveCfg = Release|Any CPU
		{5C677366-A5C4-435E-B1E8-68DC182FCE2C}.Release|Any CPU.Build.0 = Release|Any CPU
		{5CC3DAFE-A78A-4A5D-BFC7-0F4AE3DAAAEE}.Debug|Any CPU.ActiveCfg = Debug|Any CPU
		{5CC3DAFE-A78A-4A5D-BFC7-0F4AE3DAAAEE}.Debug|Any CPU.Build.0 = Debug|Any CPU
		{5CC3DAFE-A78A-4A5D-BFC7-0F4AE3DAAAEE}.Release|Any CPU.ActiveCfg = Release|Any CPU
		{5CC3DAFE-A78A-4A5D-BFC7-0F4AE3DAAAEE}.Release|Any CPU.Build.0 = Release|Any CPU
	EndGlobalSection
	GlobalSection(SolutionProperties) = preSolution
		HideSolutionNode = FALSE
	EndGlobalSection
	GlobalSection(ExtensibilityGlobals) = postSolution
		SolutionGuid = {554A9893-673F-4DA9-864E-7DBEE1171749}
	EndGlobalSection
EndGlobal
